
Microsoft Visual Studio Solution File, Format Version 12.00
# Visual Studio 15
Project("{FAE04EC0-301F-11D3-BF4B-00C04F79EFBC}") = "Assembly-CSharp-firstpass", "Assembly-CSharp-firstpass.csproj", "{21088EC3-C5FB-5CDA-A9A5-9E8888ECA26D}"
EndProject
Project("{FAE04EC0-301F-11D3-BF4B-00C04F79EFBC}") = "Assembly-CSharp", "Assembly-CSharp.csproj", "{3B03416B-FD16-75D2-BEA3-E7AC6ECC91E6}"
EndProject
Project("{FAE04EC0-301F-11D3-BF4B-00C04F79EFBC}") = "Assembly-CSharp-Editor-firstpass", "Assembly-CSharp-Editor-firstpass.csproj", "{D0D6215A-9B45-A226-3F55-D2B1A94B3310}"
EndProject
Project("{FAE04EC0-301F-11D3-BF4B-00C04F79EFBC}") = "Assembly-CSharp-Editor", "Assembly-CSharp-Editor.csproj", "{6ECB344A-A669-A6E5-168B-37F4FE232BE1}"
EndProject
Global
	GlobalSection(SolutionConfigurationPlatforms) = preSolution
		Debug|Any CPU = Debug|Any CPU
		Release|Any CPU = Release|Any CPU
	EndGlobalSection
	GlobalSection(ProjectConfigurationPlatforms) = postSolution
		{21088EC3-C5FB-5CDA-A9A5-9E8888ECA26D}.Debug|Any CPU.ActiveCfg = Debug|Any CPU
		{21088EC3-C5FB-5CDA-A9A5-9E8888ECA26D}.Debug|Any CPU.Build.0 = Debug|Any CPU
		{21088EC3-C5FB-5CDA-A9A5-9E8888ECA26D}.Release|Any CPU.ActiveCfg = Release|Any CPU
		{21088EC3-C5FB-5CDA-A9A5-9E8888ECA26D}.Release|Any CPU.Build.0 = Release|Any CPU
		{3B03416B-FD16-75D2-BEA3-E7AC6ECC91E6}.Debug|Any CPU.ActiveCfg = Debug|Any CPU
		{3B03416B-FD16-75D2-BEA3-E7AC6ECC91E6}.Debug|Any CPU.Build.0 = Debug|Any CPU
		{3B03416B-FD16-75D2-BEA3-E7AC6ECC91E6}.Release|Any CPU.ActiveCfg = Release|Any CPU
		{3B03416B-FD16-75D2-BEA3-E7AC6ECC91E6}.Release|Any CPU.Build.0 = Release|Any CPU
		{D0D6215A-9B45-A226-3F55-D2B1A94B3310}.Debug|Any CPU.ActiveCfg = Debug|Any CPU
		{D0D6215A-9B45-A226-3F55-D2B1A94B3310}.Debug|Any CPU.Build.0 = Debug|Any CPU
		{D0D6215A-9B45-A226-3F55-D2B1A94B3310}.Release|Any CPU.ActiveCfg = Release|Any CPU
		{D0D6215A-9B45-A226-3F55-D2B1A94B3310}.Release|Any CPU.Build.0 = Release|Any CPU
		{6ECB344A-A669-A6E5-168B-37F4FE232BE1}.Debug|Any CPU.ActiveCfg = Debug|Any CPU
		{6ECB344A-A669-A6E5-168B-37F4FE232BE1}.Debug|Any CPU.Build.0 = Debug|Any CPU
		{6ECB344A-A669-A6E5-168B-37F4FE232BE1}.Release|Any CPU.ActiveCfg = Release|Any CPU
		{6ECB344A-A669-A6E5-168B-37F4FE232BE1}.Release|Any CPU.Build.0 = Release|Any CPU
	EndGlobalSection
	GlobalSection(SolutionProperties) = preSolution
		HideSolutionNode = FALSE
	EndGlobalSection
EndGlobal
